PODS:
  - FSOCUtils (1.0.3):
    - FSOCUtils/SafeUtils (= 1.0.3)
  - FSOCUtils/CountDownUtils (1.0.3)
  - FSOCUtils/EncyptUtils (1.0.3)
  - FSOCUtils/JSONUtils (1.0.3):
    - MJExtension
  - FSOCUtils/SafeUtils (1.0.3)
  - MJExtension (3.4.1)

DEPENDENCIES:
  - FSOCUtils (from `../`)
  - FSOCUtils/CountDownUtils (from `../`)
  - FSOCUtils/EncyptUtils (from `../`)
  - FSOCUtils/JSONUtils (from `../`)
  - FSOCUtils/SafeUtils (from `../`)

SPEC REPOS:
  trunk:
    - MJExtension

EXTERNAL SOURCES:
  FSOCUtils:
    :path: "../"

SPEC CHECKSUMS:
  FSOCUtils: 919d7c3d782c399351f02ea11f46548f8c2bed54
  MJExtension: 21c5f6f8c4d5d8844b7ae8fbae08fed0b501f961

PODFILE CHECKSUM: accf1f31fc0929e4260344c4d5070234ea1dc49d

COCOAPODS: 1.11.3
